
Microsoft Visual Studio Solution File, Format Version 12.00
# Visual Studio Version 17
VisualStudioVersion = 17.2.32526.322
MinimumVisualStudioVersion = 10.0.40219.1
Project("{FAE04EC0-301F-11D3-BF4B-00C04F79EFBC}") = "EjClase", "EjClase\EjClase.csproj", "{92ED5833-7E08-4EF8-93BE-8F40AA7C2E73}"
EndProject
Global
	GlobalSection(SolutionConfigurationPlatforms) = preSolution
		Debug|Any CPU = Debug|Any CPU
		Release|Any CPU = Release|Any CPU
	EndGlobalSection
	GlobalSection(ProjectConfigurationPlatforms) = postSolution
		{92ED5833-7E08-4EF8-93BE-8F40AA7C2E73}.Debug|Any CPU.ActiveCfg = Debug|Any CPU
		{92ED5833-7E08-4EF8-93BE-8F40AA7C2E73}.Debug|Any CPU.Build.0 = Debug|Any CPU
		{92ED5833-7E08-4EF8-93BE-8F40AA7C2E73}.Release|Any CPU.ActiveCfg = Release|Any CPU
		{92ED5833-7E08-4EF8-93BE-8F40AA7C2E73}.Release|Any CPU.Build.0 = Release|Any CPU
	EndGlobalSection
	GlobalSection(SolutionProperties) = preSolution
		HideSolutionNode = FALSE
	EndGlobalSection
	GlobalSection(ExtensibilityGlobals) = postSolution
		SolutionGuid = {62F089E3-EF86-4CF9-BFFA-46B1F7019311}
	EndGlobalSection
EndGlobal
